
Microsoft Visual Studio Solution File, Format Version 12.00
# Visual Studio Version 17
VisualStudioVersion = 17.14.36518.9 d17.14
MinimumVisualStudioVersion = 10.0.40219.1
Project("{FAE04EC0-301F-11D3-BF4B-00C04F79EFBC}") = "Book API", "Book API\Book API.csproj", "{77F514AE-318D-4950-967B-927B66ACC943}"
EndProject
Global
	GlobalSection(SolutionConfigurationPlatforms) = preSolution
		Debug|Any CPU = Debug|Any CPU
		Release|Any CPU = Release|Any CPU
	EndGlobalSection
	GlobalSection(ProjectConfigurationPlatforms) = postSolution
		{77F514AE-318D-4950-967B-927B66ACC943}.Debug|Any CPU.ActiveCfg = Debug|Any CPU
		{77F514AE-318D-4950-967B-927B66ACC943}.Debug|Any CPU.Build.0 = Debug|Any CPU
		{77F514AE-318D-4950-967B-927B66ACC943}.Release|Any CPU.ActiveCfg = Release|Any CPU
		{77F514AE-318D-4950-967B-927B66ACC943}.Release|Any CPU.Build.0 = Release|Any CPU
	EndGlobalSection
	GlobalSection(SolutionProperties) = preSolution
		HideSolutionNode = FALSE
	EndGlobalSection
	GlobalSection(ExtensibilityGlobals) = postSolution
		SolutionGuid = {5F8088F9-06B4-460A-BE30-3C11C1DF566C}
	EndGlobalSection
EndGlobal
